// !$*UTF8*$!
{
	archiveVersion = 1;
	classes = {
	};
	objectVersion = 50;
	objects = {

/* Begin PBXBuildFile section */
		8644476824C473580034AF07 /* MiracleColors.swift in Sources */ = {isa = PBXBuildFile; fileRef = 8644476724C473580034AF07 /* MiracleColors.swift */; };
		8644476A24C4741D0034AF07 /* PrincipalCircle.swift in Sources */ = {isa = PBXBuildFile; fileRef = 8644476924C4741D0034AF07 /* PrincipalCircle.swift */; };
		8644476C24C474ED0034AF07 /* StartedPrincipalView.swift in Sources */ = {isa = PBXBuildFile; fileRef = 8644476B24C474ED0034AF07 /* StartedPrincipalView.swift */; };
		86446BEA24C45AA600DF58B6 /* AppDelegate.swift in Sources */ = {isa = PBXBuildFile; fileRef = 86446BE924C45AA600DF58B6 /* AppDelegate.swift */; };
		86446BEC24C45AA600DF58B6 /* SceneDelegate.swift in Sources */ = {isa = PBXBuildFile; fileRef = 86446BEB24C45AA600DF58B6 /* SceneDelegate.swift */; };
		86446BF024C45AA800DF58B6 /* Assets.xcassets in Resources */ = {isa = PBXBuildFile; fileRef = 86446BEF24C45AA800DF58B6 /* Assets.xcassets */; };
		86446BF324C45AA800DF58B6 /* Preview Assets.xcassets in Resources */ = {isa = PBXBuildFile; fileRef = 86446BF224C45AA800DF58B6 /* Preview Assets.xcassets */; };
		86446BF624C45AA800DF58B6 /* LaunchScreen.storyboard in Resources */ = {isa = PBXBuildFile; fileRef = 86446BF424C45AA800DF58B6 /* LaunchScreen.storyboard */; };
		86446BFE24C45AB900DF58B6 /* ViewRouter.swift in Sources */ = {isa = PBXBuildFile; fileRef = 86446BFD24C45AB900DF58B6 /* ViewRouter.swift */; };
		86446C0024C45ADA00DF58B6 /* MotherView.swift in Sources */ = {isa = PBXBuildFile; fileRef = 86446BFF24C45ADA00DF58B6 /* MotherView.swift */; };
		86446C0224C45B8400DF58B6 /* TaskView.swift in Sources */ = {isa = PBXBuildFile; fileRef = 86446C0124C45B8400DF58B6 /* TaskView.swift */; };
		86446C0424C45B9400DF58B6 /* PrincipalView.swift in Sources */ = {isa = PBXBuildFile; fileRef = 86446C0324C45B9400DF58B6 /* PrincipalView.swift */; };
		86446C0624C45BA300DF58B6 /* SaversView.swift in Sources */ = {isa = PBXBuildFile; fileRef = 86446C0524C45BA300DF58B6 /* SaversView.swift */; };
/* End PBXBuildFile section */

/* Begin PBXFileReference section */
		8644476724C473580034AF07 /* MiracleColors.swift */ = {isa = PBXFileReference; fileEncoding = 4; lastKnownFileType = sourcecode.swift; path = MiracleColors.swift; sourceTree = "<group>"; };
		8644476924C4741D0034AF07 /* PrincipalCircle.swift */ = {isa = PBXFileReference; lastKnownFileType = sourcecode.swift; path = PrincipalCircle.swift; sourceTree = "<group>"; };
		8644476B24C474ED0034AF07 /* StartedPrincipalView.swift */ = {isa = PBXFileReference; lastKnownFileType = sourcecode.swift; path = StartedPrincipalView.swift; sourceTree = "<group>"; };
		86446BE624C45AA600DF58B6 /* MiracleApp.app */ = {isa = PBXFileReference; explicitFileType = wrapper.application; includeInIndex = 0; path = MiracleApp.app; sourceTree = BUILT_PRODUCTS_DIR; };
		86446BE924C45AA600DF58B6 /* AppDelegate.swift */ = {isa = PBXFileReference; lastKnownFileType = sourcecode.swift; path = AppDelegate.swift; sourceTree = "<group>"; };
		86446BEB24C45AA600DF58B6 /* SceneDelegate.swift */ = {isa = PBXFileReference; lastKnownFileType = sourcecode.swift; path = SceneDelegate.swift; sourceTree = "<group>"; };
		86446BEF24C45AA800DF58B6 /* Assets.xcassets */ = {isa = PBXFileReference; lastKnownFileType = folder.assetcatalog; path = Assets.xcassets; sourceTree = "<group>"; };
		86446BF224C45AA800DF58B6 /* Preview Assets.xcassets */ = {isa = PBXFileReference; lastKnownFileType = folder.assetcatalog; path = "Preview Assets.xcassets"; sourceTree = "<group>"; };
		86446BF524C45AA800DF58B6 /* Base */ = {isa = PBXFileReference; lastKnownFileType = file.storyboard; name = Base; path = Base.lproj/LaunchScreen.storyboard; sourceTree = "<group>"; };
		86446BF724C45AA800DF58B6 /* Info.plist */ = {isa = PBXFileReference; lastKnownFileType = text.plist.xml; path = Info.plist; sourceTree = "<group>"; };
		86446BFD24C45AB900DF58B6 /* ViewRouter.swift */ = {isa = PBXFileReference; lastKnownFileType = sourcecode.swift; path = ViewRouter.swift; sourceTree = "<group>"; };
		86446BFF24C45ADA00DF58B6 /* MotherView.swift */ = {isa = PBXFileReference; lastKnownFileType = sourcecode.swift; path = MotherView.swift; sourceTree = "<group>"; };
		86446C0124C45B8400DF58B6 /* TaskView.swift */ = {isa = PBXFileReference; lastKnownFileType = sourcecode.swift; path = TaskView.swift; sourceTree = "<group>"; };
		86446C0324C45B9400DF58B6 /* PrincipalView.swift */ = {isa = PBXFileReference; lastKnownFileType = sourcecode.swift; path = PrincipalView.swift; sourceTree = "<group>"; };
		86446C0524C45BA300DF58B6 /* SaversView.swift */ = {isa = PBXFileReference; lastKnownFileType = sourcecode.swift; path = SaversView.swift; sourceTree = "<group>"; };
/* End PBXFileReference section */

/* Begin PBXFrameworksBuildPhase section */
		86446BE324C45AA600DF58B6 /* Frameworks */ = {
			isa = PBXFrameworksBuildPhase;
			buildActionMask = 2147483647;
			files = (
			);
			runOnlyForDeploymentPostprocessing = 0;
		};
/* End PBXFrameworksBuildPhase section */

/* Begin PBXGroup section */
		86446BDD24C45AA600DF58B6 = {
			isa = PBXGroup;
			children = (
				86446BE824C45AA600DF58B6 /* MiracleApp */,
				86446BE724C45AA600DF58B6 /* Products */,
			);
			sourceTree = "<group>";
		};
		86446BE724C45AA600DF58B6 /* Products */ = {
			isa = PBXGroup;
			children = (
				86446BE624C45AA600DF58B6 /* MiracleApp.app */,
			);
			name = Products;
			sourceTree = "<group>";
		};
		86446BE824C45AA600DF58B6 /* MiracleApp */ = {
			isa = PBXGroup;
			children = (
				86446BE924C45AA600DF58B6 /* AppDelegate.swift */,
				86446BEB24C45AA600DF58B6 /* SceneDelegate.swift */,
				86446BFD24C45AB900DF58B6 /* ViewRouter.swift */,
				86446BFF24C45ADA00DF58B6 /* MotherView.swift */,
				86446C0124C45B8400DF58B6 /* TaskView.swift */,
				86446C0324C45B9400DF58B6 /* PrincipalView.swift */,
				8644476924C4741D0034AF07 /* PrincipalCircle.swift */,
				8644476B24C474ED0034AF07 /* StartedPrincipalView.swift */,
				86446C0524C45BA300DF58B6 /* SaversView.swift */,
				8644476724C473580034AF07 /* MiracleColors.swift */,
				86446BEF24C45AA800DF58B6 /* Assets.xcassets */,
				86446BF424C45AA800DF58B6 /* LaunchScreen.storyboard */,
				86446BF724C45AA800DF58B6 /* Info.plist */,
				86446BF124C45AA800DF58B6 /* Preview Content */,
			);
			path = MiracleApp;
			sourceTree = "<group>";
		};
		86446BF124C45AA800DF58B6 /* Preview Content */ = {
			isa = PBXGroup;
			children = (
				86446BF224C45AA800DF58B6 /* Preview Assets.xcassets */,
			);
			path = "Preview Content";
			sourceTree = "<group>";
		};
/* End PBXGroup section */

/* Begin PBXNativeTarget section */
		86446BE524C45AA600DF58B6 /* MiracleApp */ = {
			isa = PBXNativeTarget;
			buildConfigurationList = 86446BFA24C45AA800DF58B6 /* Build configuration list for PBXNativeTarget "MiracleApp" */;
			buildPhases = (
				86446BE224C45AA600DF58B6 /* Sources */,
				86446BE324C45AA600DF58B6 /* Frameworks */,
				86446BE424C45AA600DF58B6 /* Resources */,
			);
			buildRules = (
			);
			dependencies = (
			);
			name = MiracleApp;
			productName = MiracleApp;
			productReference = 86446BE624C45AA600DF58B6 /* MiracleApp.app */;
			productType = "com.apple.product-type.application";
		};
/* End PBXNativeTarget section */

/* Begin PBXProject section */
		86446BDE24C45AA600DF58B6 /* Project object */ = {
			isa = PBXProject;
			attributes = {
				LastSwiftUpdateCheck = 1150;
				LastUpgradeCheck = 1150;
				ORGANIZATIONNAME = Oriapy;
				TargetAttributes = {
					86446BE524C45AA600DF58B6 = {
						CreatedOnToolsVersion = 11.5;
					};
				};
			};
			buildConfigurationList = 86446BE124C45AA600DF58B6 /* Build configuration list for PBXProject "MiracleApp" */;
			compatibilityVersion = "Xcode 9.3";
			developmentRegion = en;
			hasScannedForEncodings = 0;
			knownRegions = (
				en,
				Base,
			);
			mainGroup = 86446BDD24C45AA600DF58B6;
			productRefGroup = 86446BE724C45AA600DF58B6 /* Products */;
			projectDirPath = "";
			projectRoot = "";
			targets = (
				86446BE524C45AA600DF58B6 /* MiracleApp */,
			);
		};
/* End PBXProject section */

/* Begin PBXResourcesBuildPhase section */
		86446BE424C45AA600DF58B6 /* Resources */ = {
			isa = PBXResourcesBuildPhase;
			buildActionMask = 2147483647;
			files = (
				86446BF624C45AA800DF58B6 /* LaunchScreen.storyboard in Resources */,
				86446BF324C45AA800DF58B6 /* Preview Assets.xcassets in Resources */,
				86446BF024C45AA800DF58B6 /* Assets.xcassets in Resources */,
			);
			runOnlyForDeploymentPostprocessing = 0;
		};
/* End PBXResourcesBuildPhase section */

/* Begin PBXSourcesBuildPhase section */
		86446BE224C45AA600DF58B6 /* Sources */ = {
			isa = PBXSourcesBuildPhase;
			buildActionMask = 2147483647;
			files = (
				86446BEA24C45AA600DF58B6 /* AppDelegate.swift in Sources */,
				86446C0424C45B9400DF58B6 /* PrincipalView.swift in Sources */,
				86446BEC24C45AA600DF58B6 /* SceneDelegate.swift in Sources */,
				8644476C24C474ED0034AF07 /* StartedPrincipalView.swift in Sources */,
				8644476A24C4741D0034AF07 /* PrincipalCircle.swift in Sources */,
				86446BFE24C45AB900DF58B6 /* ViewRouter.swift in Sources */,
				86446C0224C45B8400DF58B6 /* TaskView.swift in Sources */,
				8644476824C473580034AF07 /* MiracleColors.swift in Sources */,
				86446C0624C45BA300DF58B6 /* SaversView.swift in Sources */,
				86446C0024C45ADA00DF58B6 /* MotherView.swift in Sources */,
			);
			runOnlyForDeploymentPostprocessing = 0;
		};
/* End PBXSourcesBuildPhase section */

/* Begin PBXVariantGroup section */
		86446BF424C45AA800DF58B6 /* LaunchScreen.storyboard */ = {
			isa = PBXVariantGroup;
			children = (
				86446BF524C45AA800DF58B6 /* Base */,
			);
			name = LaunchScreen.storyboard;
			sourceTree = "<group>";
		};
/* End PBXVariantGroup section */

/* Begin XCBuildConfiguration section */
		86446BF824C45AA800DF58B6 /* Debug */ = {
			isa = XCBuildConfiguration;
			buildSettings = {
				ALWAYS_SEARCH_USER_PATHS = NO;
				CLANG_ANALYZER_NONNULL = YES;
				CLANG_ANALYZER_NUMBER_OBJECT_CONVERSION = YES_AGGRESSIVE;
				CLANG_CXX_LANGUAGE_STANDARD = "gnu++14";
				CLANG_CXX_LIBRARY = "libc++";
				CLANG_ENABLE_MODULES = YES;
				CLANG_ENABLE_OBJC_ARC = YES;
				CLANG_ENABLE_OBJC_WEAK = YES;
				CLANG_WARN_BLOCK_CAPTURE_AUTORELEASING = YES;
				CLANG_WARN_BOOL_CONVERSION = YES;
				CLANG_WARN_COMMA = YES;
				CLANG_WARN_CONSTANT_CONVERSION = YES;
				CLANG_WARN_DEPRECATED_OBJC_IMPLEMENTATIONS = YES;
				CLANG_WARN_DIRECT_OBJC_ISA_USAGE = YES_ERROR;
				CLANG_WARN_DOCUMENTATION_COMMENTS = YES;
				CLANG_WARN_EMPTY_BODY = YES;
				CLANG_WARN_ENUM_CONVERSION = YES;
				CLANG_WARN_INFINITE_RECURSION = YES;
				CLANG_WARN_INT_CONVERSION = YES;
				CLANG_WARN_NON_LITERAL_NULL_CONVERSION = YES;
				CLANG_WARN_OBJC_IMPLICIT_RETAIN_SELF = YES;
				CLANG_WARN_OBJC_LITERAL_CONVERSION = YES;
				CLANG_WARN_OBJC_ROOT_CLASS = YES_ERROR;
				CLANG_WARN_RANGE_LOOP_ANALYSIS = YES;
				CLANG_WARN_STRICT_PROTOTYPES = YES;
				CLANG_WARN_SUSPICIOUS_MOVE = YES;
				CLANG_WARN_UNGUARDED_AVAILABILITY = YES_AGGRESSIVE;
				CLANG_WARN_UNREACHABLE_CODE = YES;
				CLANG_WARN__DUPLICATE_METHOD_MATCH = YES;
				COPY_PHASE_STRIP = NO;
				DEBUG_INFORMATION_FORMAT = dwarf;
				ENABLE_STRICT_OBJC_MSGSEND = YES;
				ENABLE_TESTABILITY = YES;
				GCC_C_LANGUAGE_STANDARD = gnu11;
				GCC_DYNAMIC_NO_PIC = NO;
				GCC_NO_COMMON_BLOCKS = YES;
				GCC_OPTIMIZATION_LEVEL = 0;
				GCC_PREPROCESSOR_DEFINITIONS = (
					"DEBUG=1",
					"$(inherited)",
				);
				GCC_WARN_64_TO_32_BIT_CONVERSION = YES;
				GCC_WARN_ABOUT_RETURN_TYPE = YES_ERROR;
				GCC_WARN_UNDECLARED_SELECTOR = YES;
				GCC_WARN_UNINITIALIZED_AUTOS = YES_AGGRESSIVE;
				GCC_WARN_UNUSED_FUNCTION = YES;
				GCC_WARN_UNUSED_VARIABLE = YES;
				IPHONEOS_DEPLOYMENT_TARGET = 13.5;
				MTL_ENABLE_DEBUG_INFO = INCLUDE_SOURCE;
				MTL_FAST_MATH = YES;
				ONLY_ACTIVE_ARCH = YES;
				SDKROOT = iphoneos;
				SWIFT_ACTIVE_COMPILATION_CONDITIONS = DEBUG;
				SWIFT_OPTIMIZATION_LEVEL = "-Onone";
			};
			name = Debug;
		};
		86446BF924C45AA800DF58B6 /* Release */ = {
			isa = XCBuildConfiguration;
			buildSettings = {
				ALWAYS_SEARCH_USER_PATHS = NO;
				CLANG_ANALYZER_NONNULL = YES;
				CLANG_ANALYZER_NUMBER_OBJECT_CONVERSION = YES_AGGRESSIVE;
				CLANG_CXX_LANGUAGE_STANDARD = "gnu++14";
				CLANG_CXX_LIBRARY = "libc++";
				CLANG_ENABLE_MODULES = YES;
				CLANG_ENABLE_OBJC_ARC = YES;
				CLANG_ENABLE_OBJC_WEAK = YES;
				CLANG_WARN_BLOCK_CAPTURE_AUTORELEASING = YES;
				CLANG_WARN_BOOL_CONVERSION = YES;
				CLANG_WARN_COMMA = YES;
				CLANG_WARN_CONSTANT_CONVERSION = YES;
				CLANG_WARN_DEPRECATED_OBJC_IMPLEMENTATIONS = YES;
				CLANG_WARN_DIRECT_OBJC_ISA_USAGE = YES_ERROR;
				CLANG_WARN_DOCUMENTATION_COMMENTS = YES;
				CLANG_WARN_EMPTY_BODY = YES;
				CLANG_WARN_ENUM_CONVERSION = YES;
				CLANG_WARN_INFINITE_RECURSION = YES;
				CLANG_WARN_INT_CONVERSION = YES;
				CLANG_WARN_NON_LITERAL_NULL_CONVERSION = YES;
				CLANG_WARN_OBJC_IMPLICIT_RETAIN_SELF = YES;
				CLANG_WARN_OBJC_LITERAL_CONVERSION = YES;
				CLANG_WARN_OBJC_ROOT_CLASS = YES_ERROR;
				CLANG_WARN_RANGE_LOOP_ANALYSIS = YES;
				CLANG_WARN_STRICT_PROTOTYPES = YES;
				CLANG_WARN_SUSPICIOUS_MOVE = YES;
				CLANG_WARN_UNGUARDED_AVAILABILITY = YES_AGGRESSIVE;
				CLANG_WARN_UNREACHABLE_CODE = YES;
				CLANG_WARN__DUPLICATE_METHOD_MATCH = YES;
				COPY_PHASE_STRIP = NO;
				DEBUG_INFORMATION_FORMAT = "dwarf-with-dsym";
				ENABLE_NS_ASSERTIONS = NO;
				ENABLE_STRICT_OBJC_MSGSEND = YES;
				GCC_C_LANGUAGE_STANDARD = gnu11;
				GCC_NO_COMMON_BLOCKS = YES;
				GCC_WARN_64_TO_32_BIT_CONVERSION = YES;
				GCC_WARN_ABOUT_RETURN_TYPE = YES_ERROR;
				GCC_WARN_UNDECLARED_SELECTOR = YES;
				GCC_WARN_UNINITIALIZED_AUTOS = YES_AGGRESSIVE;
				GCC_WARN_UNUSED_FUNCTION = YES;
				GCC_WARN_UNUSED_VARIABLE = YES;
				IPHONEOS_DEPLOYMENT_TARGET = 13.5;
				MTL_ENABLE_DEBUG_INFO = NO;
				MTL_FAST_MATH = YES;
				SDKROOT = iphoneos;
				SWIFT_COMPILATION_MODE = wholemodule;
				SWIFT_OPTIMIZATION_LEVEL = "-O";
				VALIDATE_PRODUCT = YES;
			};
			name = Release;
		};
		86446BFB24C45AA800DF58B6 /* Debug */ = {
			isa = XCBuildConfiguration;
			buildSettings = {
				ASSETCATALOG_COMPILER_APPICON_NAME = AppIcon;
				CODE_SIGN_STYLE = Automatic;
				DEVELOPMENT_ASSET_PATHS = "\"MiracleApp/Preview Content\"";
				DEVELOPMENT_TEAM = N96T5K2D2H;
				ENABLE_PREVIEWS = YES;
				INFOPLIST_FILE = MiracleApp/Info.plist;
				LD_RUNPATH_SEARCH_PATHS = (
					"$(inherited)",
					"@executable_path/Frameworks",
				);
				PRODUCT_BUNDLE_IDENTIFIER = oriapy.MiracleApp;
				PRODUCT_NAME = "$(TARGET_NAME)";
				SWIFT_VERSION = 5.0;
				TARGETED_DEVICE_FAMILY = "1,2";
			};
			name = Debug;
		};
		86446BFC24C45AA800DF58B6 /* Release */ = {
			isa = XCBuildConfiguration;
			buildSettings = {
				ASSETCATALOG_COMPILER_APPICON_NAME = AppIcon;
				CODE_SIGN_STYLE = Automatic;
				DEVELOPMENT_ASSET_PATHS = "\"MiracleApp/Preview Content\"";
				DEVELOPMENT_TEAM = N96T5K2D2H;
				ENABLE_PREVIEWS = YES;
				INFOPLIST_FILE = MiracleApp/Info.plist;
				LD_RUNPATH_SEARCH_PATHS = (
					"$(inherited)",
					"@executable_path/Frameworks",
				);
				PRODUCT_BUNDLE_IDENTIFIER = oriapy.MiracleApp;
				PRODUCT_NAME = "$(TARGET_NAME)";
				SWIFT_VERSION = 5.0;
				TARGETED_DEVICE_FAMILY = "1,2";
			};
			name = Release;
		};
/* End XCBuildConfiguration section */

/* Begin XCConfigurationList section */
		86446BE124C45AA600DF58B6 /* Build configuration list for PBXProject "MiracleApp" */ = {
			isa = XCConfigurationList;
			buildConfigurations = (
				86446BF824C45AA800DF58B6 /* Debug */,
				86446BF924C45AA800DF58B6 /* Release */,
			);
			defaultConfigurationIsVisible = 0;
			defaultConfigurationName = Release;
		};
		86446BFA24C45AA800DF58B6 /* Build configuration list for PBXNativeTarget "MiracleApp" */ = {
			isa = XCConfigurationList;
			buildConfigurations = (
				86446BFB24C45AA800DF58B6 /* Debug */,
				86446BFC24C45AA800DF58B6 /* Release */,
			);
			defaultConfigurationIsVisible = 0;
			defaultConfigurationName = Release;
		};
/* End XCConfigurationList section */
	};
	rootObject = 86446BDE24C45AA600DF58B6 /* Project object */;
}
